
Microsoft Visual Studio Solution File, Format Version 12.00
# Visual Studio Version 17
VisualStudioVersion = 17.8.34511.84
MinimumVisualStudioVersion = 10.0.40219.1
Project("{888888A0-9F3D-457C-B088-3A5042F75D52}") = "jbj", "jbj\jbj.pyproj", "{51A07971-0DD6-4FA7-93B5-981932F3BA0D}"
EndProject
Global
	GlobalSection(SolutionConfigurationPlatforms) = preSolution
		Debug|Any CPU = Debug|Any CPU
		Release|Any CPU = Release|Any CPU
	EndGlobalSection
	GlobalSection(ProjectConfigurationPlatforms) = postSolution
		{51A07971-0DD6-4FA7-93B5-981932F3BA0D}.Debug|Any CPU.ActiveCfg = Debug|Any CPU
		{51A07971-0DD6-4FA7-93B5-981932F3BA0D}.Release|Any CPU.ActiveCfg = Release|Any CPU
	EndGlobalSection
	GlobalSection(SolutionProperties) = preSolution
		HideSolutionNode = FALSE
	EndGlobalSection
	GlobalSection(ExtensibilityGlobals) = postSolution
		SolutionGuid = {144F2315-AFFE-4A2D-A8B2-A347EB7B9EDE}
	EndGlobalSection
EndGlobal
